
Microsoft Visual Studio Solution File, Format Version 12.00
# Visual Studio Version 16
VisualStudioVersion = 16.0.29709.97
MinimumVisualStudioVersion = 10.0.40219.1
Project("{FAE04EC0-301F-11D3-BF4B-00C04F79EFBC}") = "xam_ntv.UWP", "xam_ntv.UWP\xam_ntv.UWP.csproj", "{EB257918-23AB-4B7E-9BC3-4DA380D5F04A}"
EndProject
Project("{FAE04EC0-301F-11D3-BF4B-00C04F79EFBC}") = "xam_ntv.Android", "xam_ntv.Android\xam_ntv.Android.csproj", "{E95B9A86-375A-4C91-9D57-6CDCC552FC92}"
EndProject
Project("{FAE04EC0-301F-11D3-BF4B-00C04F79EFBC}") = "xam_ntv.iOS", "xam_ntv.iOS\xam_ntv.iOS.csproj", "{ABD97FF3-B784-42FB-92CD-8D7C10604CAA}"
EndProject
Project("{FAE04EC0-301F-11D3-BF4B-00C04F79EFBC}") = "xam_ntv", "xam_ntv\xam_ntv.csproj", "{1301F2B2-B96D-4593-BF55-BDE671CB0272}"
EndProject
Global
	GlobalSection(SolutionConfigurationPlatforms) = preSolution
		Debug|Any CPU = Debug|Any CPU
		Debug|ARM = Debug|ARM
		Debug|iPhone = Debug|iPhone
		Debug|iPhoneSimulator = Debug|iPhoneSimulator
		Debug|x64 = Debug|x64
		Debug|x86 = Debug|x86
		Release|Any CPU = Release|Any CPU
		Release|ARM = Release|ARM
		Release|iPhone = Release|iPhone
		Release|iPhoneSimulator = Release|iPhoneSimulator
		Release|x64 = Release|x64
		Release|x86 = Release|x86
	EndGlobalSection
	GlobalSection(ProjectConfigurationPlatforms) = postSolution
		{EB257918-23AB-4B7E-9BC3-4DA380D5F04A}.Debug|Any CPU.ActiveCfg = Debug|x86
		{EB257918-23AB-4B7E-9BC3-4DA380D5F04A}.Debug|Any CPU.Build.0 = Debug|x86
		{EB257918-23AB-4B7E-9BC3-4DA380D5F04A}.Debug|Any CPU.Deploy.0 = Debug|x86
		{EB257918-23AB-4B7E-9BC3-4DA380D5F04A}.Debug|ARM.ActiveCfg = Debug|ARM
		{EB257918-23AB-4B7E-9BC3-4DA380D5F04A}.Debug|ARM.Build.0 = Debug|ARM
		{EB257918-23AB-4B7E-9BC3-4DA380D5F04A}.Debug|ARM.Deploy.0 = Debug|ARM
		{EB257918-23AB-4B7E-9BC3-4DA380D5F04A}.Debug|iPhone.ActiveCfg = Debug|x86
		{EB257918-23AB-4B7E-9BC3-4DA380D5F04A}.Debug|iPhone.Build.0 = Debug|x86
		{EB257918-23AB-4B7E-9BC3-4DA380D5F04A}.Debug|iPhone.Deploy.0 = Debug|x86
		{EB257918-23AB-4B7E-9BC3-4DA380D5F04A}.Debug|iPhoneSimulator.ActiveCfg = Debug|x86
		{EB257918-23AB-4B7E-9BC3-4DA380D5F04A}.Debug|iPhoneSimulator.Build.0 = Debug|x86
		{EB257918-23AB-4B7E-9BC3-4DA380D5F04A}.Debug|iPhoneSimulator.Deploy.0 = Debug|x86
		{EB257918-23AB-4B7E-9BC3-4DA380D5F04A}.Debug|x64.ActiveCfg = Debug|x64
		{EB257918-23AB-4B7E-9BC3-4DA380D5F04A}.Debug|x64.Build.0 = Debug|x64
		{EB257918-23AB-4B7E-9BC3-4DA380D5F04A}.Debug|x64.Deploy.0 = Debug|x64
		{EB257918-23AB-4B7E-9BC3-4DA380D5F04A}.Debug|x86.ActiveCfg = Debug|x86
		{EB257918-23AB-4B7E-9BC3-4DA380D5F04A}.Debug|x86.Build.0 = Debug|x86
		{EB257918-23AB-4B7E-9BC3-4DA380D5F04A}.Debug|x86.Deploy.0 = Debug|x86
		{EB257918-23AB-4B7E-9BC3-4DA380D5F04A}.Release|Any CPU.ActiveCfg = Release|x86
		{EB257918-23AB-4B7E-9BC3-4DA380D5F04A}.Release|Any CPU.Build.0 = Release|x86
		{EB257918-23AB-4B7E-9BC3-4DA380D5F04A}.Release|Any CPU.Deploy.0 = Release|x86
		{EB257918-23AB-4B7E-9BC3-4DA380D5F04A}.Release|ARM.ActiveCfg = Release|ARM
		{EB257918-23AB-4B7E-9BC3-4DA380D5F04A}.Release|ARM.Build.0 = Release|ARM
		{EB257918-23AB-4B7E-9BC3-4DA380D5F04A}.Release|ARM.Deploy.0 = Release|ARM
		{EB257918-23AB-4B7E-9BC3-4DA380D5F04A}.Release|iPhone.ActiveCfg = Release|x86
		{EB257918-23AB-4B7E-9BC3-4DA380D5F04A}.Release|iPhone.Build.0 = Release|x86
		{EB257918-23AB-4B7E-9BC3-4DA380D5F04A}.Release|iPhone.Deploy.0 = Release|x86
		{EB257918-23AB-4B7E-9BC3-4DA380D5F04A}.Release|iPhoneSimulator.ActiveCfg = Release|x86
		{EB257918-23AB-4B7E-9BC3-4DA380D5F04A}.Release|iPhoneSimulator.Build.0 = Release|x86
		{EB257918-23AB-4B7E-9BC3-4DA380D5F04A}.Release|iPhoneSimulator.Deploy.0 = Release|x86
		{EB257918-23AB-4B7E-9BC3-4DA380D5F04A}.Release|x64.ActiveCfg = Release|x64
		{EB257918-23AB-4B7E-9BC3-4DA380D5F04A}.Release|x64.Build.0 = Release|x64
		{EB257918-23AB-4B7E-9BC3-4DA380D5F04A}.Release|x64.Deploy.0 = Release|x64
		{EB257918-23AB-4B7E-9BC3-4DA380D5F04A}.Release|x86.ActiveCfg = Release|x86
		{EB257918-23AB-4B7E-9BC3-4DA380D5F04A}.Release|x86.Build.0 = Release|x86
		{EB257918-23AB-4B7E-9BC3-4DA380D5F04A}.Release|x86.Deploy.0 = Release|x86
		{E95B9A86-375A-4C91-9D57-6CDCC552FC92}.Debug|Any CPU.ActiveCfg = Debug|Any CPU
		{E95B9A86-375A-4C91-9D57-6CDCC552FC92}.Debug|Any CPU.Build.0 = Debug|Any CPU
		{E95B9A86-375A-4C91-9D57-6CDCC552FC92}.Debug|Any CPU.Deploy.0 = Debug|Any CPU
		{E95B9A86-375A-4C91-9D57-6CDCC552FC92}.Debug|ARM.ActiveCfg = Debug|Any CPU
		{E95B9A86-375A-4C91-9D57-6CDCC552FC92}.Debug|ARM.Build.0 = Debug|Any CPU
		{E95B9A86-375A-4C91-9D57-6CDCC552FC92}.Debug|ARM.Deploy.0 = Debug|Any CPU
		{E95B9A86-375A-4C91-9D57-6CDCC552FC92}.Debug|iPhone.ActiveCfg = Debug|Any CPU
		{E95B9A86-375A-4C91-9D57-6CDCC552FC92}.Debug|iPhone.Build.0 = Debug|Any CPU
		{E95B9A86-375A-4C91-9D57-6CDCC552FC92}.Debug|iPhone.Deploy.0 = Debug|Any CPU
		{E95B9A86-375A-4C91-9D57-6CDCC552FC92}.Debug|iPhoneSimulator.ActiveCfg = Debug|Any CPU
		{E95B9A86-375A-4C91-9D57-6CDCC552FC92}.Debug|iPhoneSimulator.Build.0 = Debug|Any CPU
		{E95B9A86-375A-4C91-9D57-6CDCC552FC92}.Debug|iPhoneSimulator.Deploy.0 = Debug|Any CPU
		{E95B9A86-375A-4C91-9D57-6CDCC552FC92}.Debug|x64.ActiveCfg = Debug|Any CPU
		{E95B9A86-375A-4C91-9D57-6CDCC552FC92}.Debug|x64.Build.0 = Debug|Any CPU
		{E95B9A86-375A-4C91-9D57-6CDCC552FC92}.Debug|x64.Deploy.0 = Debug|Any CPU
		{E95B9A86-375A-4C91-9D57-6CDCC552FC92}.Debug|x86.ActiveCfg = Debug|Any CPU
		{E95B9A86-375A-4C91-9D57-6CDCC552FC92}.Debug|x86.Build.0 = Debug|Any CPU
		{E95B9A86-375A-4C91-9D57-6CDCC552FC92}.Debug|x86.Deploy.0 = Debug|Any CPU
		{E95B9A86-375A-4C91-9D57-6CDCC552FC92}.Release|Any CPU.ActiveCfg = Release|Any CPU
		{E95B9A86-375A-4C91-9D57-6CDCC552FC92}.Release|Any CPU.Build.0 = Release|Any CPU
		{E95B9A86-375A-4C91-9D57-6CDCC552FC92}.Release|Any CPU.Deploy.0 = Release|Any CPU
		{E95B9A86-375A-4C91-9D57-6CDCC552FC92}.Release|ARM.ActiveCfg = Release|Any CPU
		{E95B9A86-375A-4C91-9D57-6CDCC552FC92}.Release|ARM.Build.0 = Release|Any CPU
		{E95B9A86-375A-4C91-9D57-6CDCC552FC92}.Release|ARM.Deploy.0 = Release|Any CPU
		{E95B9A86-375A-4C91-9D57-6CDCC552FC92}.Release|iPhone.ActiveCfg = Release|Any CPU
		{E95B9A86-375A-4C91-9D57-6CDCC552FC92}.Release|iPhone.Build.0 = Release|Any CPU
		{E95B9A86-375A-4C91-9D57-6CDCC552FC92}.Release|iPhone.Deploy.0 = Release|Any CPU
		{E95B9A86-375A-4C91-9D57-6CDCC552FC92}.Release|iPhoneSimulator.ActiveCfg = Release|Any CPU
		{E95B9A86-375A-4C91-9D57-6CDCC552FC92}.Release|iPhoneSimulator.Build.0 = Release|Any CPU
		{E95B9A86-375A-4C91-9D57-6CDCC552FC92}.Release|iPhoneSimulator.Deploy.0 = Release|Any CPU
		{E95B9A86-375A-4C91-9D57-6CDCC552FC92}.Release|x64.ActiveCfg = Release|Any CPU
		{E95B9A86-375A-4C91-9D57-6CDCC552FC92}.Release|x64.Build.0 = Release|Any CPU
		{E95B9A86-375A-4C91-9D57-6CDCC552FC92}.Release|x64.Deploy.0 = Release|Any CPU
		{E95B9A86-375A-4C91-9D57-6CDCC552FC92}.Release|x86.ActiveCfg = Release|Any CPU
		{E95B9A86-375A-4C91-9D57-6CDCC552FC92}.Release|x86.Build.0 = Release|Any CPU
		{E95B9A86-375A-4C91-9D57-6CDCC552FC92}.Release|x86.Deploy.0 = Release|Any CPU
		{ABD97FF3-B784-42FB-92CD-8D7C10604CAA}.Debug|Any CPU.ActiveCfg = Debug|iPhone
		{ABD97FF3-B784-42FB-92CD-8D7C10604CAA}.Debug|Any CPU.Build.0 = Debug|iPhone
		{ABD97FF3-B784-42FB-92CD-8D7C10604CAA}.Debug|Any CPU.Deploy.0 = Debug|iPhone
		{ABD97FF3-B784-42FB-92CD-8D7C10604CAA}.Debug|ARM.ActiveCfg = Debug|iPhoneSimulator
		{ABD97FF3-B784-42FB-92CD-8D7C10604CAA}.Debug|ARM.Build.0 = Debug|iPhoneSimulator
		{ABD97FF3-B784-42FB-92CD-8D7C10604CAA}.Debug|ARM.Deploy.0 = Debug|iPhoneSimulator
		{ABD97FF3-B784-42FB-92CD-8D7C10604CAA}.Debug|iPhone.ActiveCfg = Debug|iPhone
		{ABD97FF3-B784-42FB-92CD-8D7C10604CAA}.Debug|iPhone.Build.0 = Debug|iPhone
		{ABD97FF3-B784-42FB-92CD-8D7C10604CAA}.Debug|iPhone.Deploy.0 = Debug|iPhone
		{ABD97FF3-B784-42FB-92CD-8D7C10604CAA}.Debug|iPhoneSimulator.ActiveCfg = Debug|iPhoneSimulator
		{ABD97FF3-B784-42FB-92CD-8D7C10604CAA}.Debug|iPhoneSimulator.Build.0 = Debug|iPhoneSimulator
		{ABD97FF3-B784-42FB-92CD-8D7C10604CAA}.Debug|iPhoneSimulator.Deploy.0 = Debug|iPhoneSimulator
		{ABD97FF3-B784-42FB-92CD-8D7C10604CAA}.Debug|x64.ActiveCfg = Debug|iPhone
		{ABD97FF3-B784-42FB-92CD-8D7C10604CAA}.Debug|x64.Build.0 = Debug|iPhone
		{ABD97FF3-B784-42FB-92CD-8D7C10604CAA}.Debug|x64.Deploy.0 = Debug|iPhone
		{ABD97FF3-B784-42FB-92CD-8D7C10604CAA}.Debug|x86.ActiveCfg = Debug|iPhone
		{ABD97FF3-B784-42FB-92CD-8D7C10604CAA}.Debug|x86.Build.0 = Debug|iPhone
		{ABD97FF3-B784-42FB-92CD-8D7C10604CAA}.Debug|x86.Deploy.0 = Debug|iPhone
		{ABD97FF3-B784-42FB-92CD-8D7C10604CAA}.Release|Any CPU.ActiveCfg = Release|iPhone
		{ABD97FF3-B784-42FB-92CD-8D7C10604CAA}.Release|Any CPU.Build.0 = Release|iPhone
		{ABD97FF3-B784-42FB-92CD-8D7C10604CAA}.Release|Any CPU.Deploy.0 = Release|iPhone
		{ABD97FF3-B784-42FB-92CD-8D7C10604CAA}.Release|ARM.ActiveCfg = Release|iPhone
		{ABD97FF3-B784-42FB-92CD-8D7C10604CAA}.Release|ARM.Build.0 = Release|iPhone
		{ABD97FF3-B784-42FB-92CD-8D7C10604CAA}.Release|ARM.Deploy.0 = Release|iPhone
		{ABD97FF3-B784-42FB-92CD-8D7C10604CAA}.Release|iPhone.ActiveCfg = Release|iPhone
		{ABD97FF3-B784-42FB-92CD-8D7C10604CAA}.Release|iPhone.Build.0 = Release|iPhone
		{ABD97FF3-B784-42FB-92CD-8D7C10604CAA}.Release|iPhone.Deploy.0 = Release|iPhone
		{ABD97FF3-B784-42FB-92CD-8D7C10604CAA}.Release|iPhoneSimulator.ActiveCfg = Release|iPhoneSimulator
		{ABD97FF3-B784-42FB-92CD-8D7C10604CAA}.Release|iPhoneSimulator.Build.0 = Release|iPhoneSimulator
		{ABD97FF3-B784-42FB-92CD-8D7C10604CAA}.Release|iPhoneSimulator.Deploy.0 = Release|iPhoneSimulator
		{ABD97FF3-B784-42FB-92CD-8D7C10604CAA}.Release|x64.ActiveCfg = Release|iPhone
		{ABD97FF3-B784-42FB-92CD-8D7C10604CAA}.Release|x64.Build.0 = Release|iPhone
		{ABD97FF3-B784-42FB-92CD-8D7C10604CAA}.Release|x64.Deploy.0 = Release|iPhone
		{ABD97FF3-B784-42FB-92CD-8D7C10604CAA}.Release|x86.ActiveCfg = Release|iPhone
		{ABD97FF3-B784-42FB-92CD-8D7C10604CAA}.Release|x86.Build.0 = Release|iPhone
		{ABD97FF3-B784-42FB-92CD-8D7C10604CAA}.Release|x86.Deploy.0 = Release|iPhone
		{1301F2B2-B96D-4593-BF55-BDE671CB0272}.Debug|Any CPU.ActiveCfg = Debug|Any CPU
		{1301F2B2-B96D-4593-BF55-BDE671CB0272}.Debug|Any CPU.Build.0 = Debug|Any CPU
		{1301F2B2-B96D-4593-BF55-BDE671CB0272}.Debug|Any CPU.Deploy.0 = Debug|Any CPU
		{1301F2B2-B96D-4593-BF55-BDE671CB0272}.Debug|ARM.ActiveCfg = Debug|Any CPU
		{1301F2B2-B96D-4593-BF55-BDE671CB0272}.Debug|ARM.Build.0 = Debug|Any CPU
		{1301F2B2-B96D-4593-BF55-BDE671CB0272}.Debug|ARM.Deploy.0 = Debug|Any CPU
		{1301F2B2-B96D-4593-BF55-BDE671CB0272}.Debug|iPhone.ActiveCfg = Debug|Any CPU
		{1301F2B2-B96D-4593-BF55-BDE671CB0272}.Debug|iPhone.Build.0 = Debug|Any CPU
		{1301F2B2-B96D-4593-BF55-BDE671CB0272}.Debug|iPhone.Deploy.0 = Debug|Any CPU
		{1301F2B2-B96D-4593-BF55-BDE671CB0272}.Debug|iPhoneSimulator.ActiveCfg = Debug|Any CPU
		{1301F2B2-B96D-4593-BF55-BDE671CB0272}.Debug|iPhoneSimulator.Build.0 = Debug|Any CPU
		{1301F2B2-B96D-4593-BF55-BDE671CB0272}.Debug|iPhoneSimulator.Deploy.0 = Debug|Any CPU
		{1301F2B2-B96D-4593-BF55-BDE671CB0272}.Debug|x64.ActiveCfg = Debug|Any CPU
		{1301F2B2-B96D-4593-BF55-BDE671CB0272}.Debug|x64.Build.0 = Debug|Any CPU
		{1301F2B2-B96D-4593-BF55-BDE671CB0272}.Debug|x64.Deploy.0 = Debug|Any CPU
		{1301F2B2-B96D-4593-BF55-BDE671CB0272}.Debug|x86.ActiveCfg = Debug|Any CPU
		{1301F2B2-B96D-4593-BF55-BDE671CB0272}.Debug|x86.Build.0 = Debug|Any CPU
		{1301F2B2-B96D-4593-BF55-BDE671CB0272}.Debug|x86.Deploy.0 = Debug|Any CPU
		{1301F2B2-B96D-4593-BF55-BDE671CB0272}.Release|Any CPU.ActiveCfg = Release|Any CPU
		{1301F2B2-B96D-4593-BF55-BDE671CB0272}.Release|Any CPU.Build.0 = Release|Any CPU
		{1301F2B2-B96D-4593-BF55-BDE671CB0272}.Release|Any CPU.Deploy.0 = Release|Any CPU
		{1301F2B2-B96D-4593-BF55-BDE671CB0272}.Release|ARM.ActiveCfg = Release|Any CPU
		{1301F2B2-B96D-4593-BF55-BDE671CB0272}.Release|ARM.Build.0 = Release|Any CPU
		{1301F2B2-B96D-4593-BF55-BDE671CB0272}.Release|ARM.Deploy.0 = Release|Any CPU
		{1301F2B2-B96D-4593-BF55-BDE671CB0272}.Release|iPhone.ActiveCfg = Release|Any CPU
		{1301F2B2-B96D-4593-BF55-BDE671CB0272}.Release|iPhone.Build.0 = Release|Any CPU
		{1301F2B2-B96D-4593-BF55-BDE671CB0272}.Release|iPhone.Deploy.0 = Release|Any CPU
		{1301F2B2-B96D-4593-BF55-BDE671CB0272}.Release|iPhoneSimulator.ActiveCfg = Release|Any CPU
		{1301F2B2-B96D-4593-BF55-BDE671CB0272}.Release|iPhoneSimulator.Build.0 = Release|Any CPU
		{1301F2B2-B96D-4593-BF55-BDE671CB0272}.Release|iPhoneSimulator.Deploy.0 = Release|Any CPU
		{1301F2B2-B96D-4593-BF55-BDE671CB0272}.Release|x64.ActiveCfg = Release|Any CPU
		{1301F2B2-B96D-4593-BF55-BDE671CB0272}.Release|x64.Build.0 = Release|Any CPU
		{1301F2B2-B96D-4593-BF55-BDE671CB0272}.Release|x64.Deploy.0 = Release|Any CPU
		{1301F2B2-B96D-4593-BF55-BDE671CB0272}.Release|x86.ActiveCfg = Release|Any CPU
		{1301F2B2-B96D-4593-BF55-BDE671CB0272}.Release|x86.Build.0 = Release|Any CPU
		{1301F2B2-B96D-4593-BF55-BDE671CB0272}.Release|x86.Deploy.0 = Release|Any CPU
	EndGlobalSection
	GlobalSection(SolutionProperties) = preSolution
		HideSolutionNode = FALSE
	EndGlobalSection
	GlobalSection(ExtensibilityGlobals) = postSolution
		SolutionGuid = {52D15F6C-FDEF-4663-BD66-9FF0C879982B}
	EndGlobalSection
EndGlobal
