
Microsoft Visual Studio Solution File, Format Version 12.00
# Visual Studio Version 16
VisualStudioVersion = 16.0.29215.179
MinimumVisualStudioVersion = 10.0.40219.1
Project("{FAE04EC0-301F-11D3-BF4B-00C04F79EFBC}") = "sdk.arbweb.org.webapp", "sdk.arbweb.org.webapp\sdk.arbweb.org.webapp.csproj", "{D9720068-8075-4247-A6CF-A70433CED87B}"
EndProject
Project("{FAE04EC0-301F-11D3-BF4B-00C04F79EFBC}") = "mob.arbweb.org.UWP", "mob.arbweb.org\mob.arbweb.org.UWP\mob.arbweb.org.UWP.csproj", "{60AF9CF9-7DC8-46B9-ADE2-2CC225E9D289}"
EndProject
Project("{FAE04EC0-301F-11D3-BF4B-00C04F79EFBC}") = "mob.arbweb.org.Android", "mob.arbweb.org\mob.arbweb.org.Android\mob.arbweb.org.Android.csproj", "{BA7D2385-806B-4529-BC25-576A2FB2D3F6}"
EndProject
Project("{FAE04EC0-301F-11D3-BF4B-00C04F79EFBC}") = "mob.arbweb.org.iOS", "mob.arbweb.org\mob.arbweb.org.iOS\mob.arbweb.org.iOS.csproj", "{42C04AC7-FBCC-44E0-A439-6D80180AC7D3}"
EndProject
Project("{FAE04EC0-301F-11D3-BF4B-00C04F79EFBC}") = "mob.arbweb.org", "mob.arbweb.org\mob.arbweb.org\mob.arbweb.org.csproj", "{3CCFD2A7-411D-4B06-88B2-C32C954C772A}"
EndProject
Project("{FAE04EC0-301F-11D3-BF4B-00C04F79EFBC}") = "web.arbweb.org", "web.arbweb.org\web.arbweb.org.csproj", "{1167F195-1F1D-4C47-AE22-14AF40501857}"
EndProject
Project("{FAE04EC0-301F-11D3-BF4B-00C04F79EFBC}") = "wpf.arbweb.org", "wpf.arbweb.org\wpf.arbweb.org.csproj", "{0CF45B93-7365-463E-A65F-D42B930EB998}"
EndProject
Global
	GlobalSection(SolutionConfigurationPlatforms) = preSolution
		Debug|Any CPU = Debug|Any CPU
		Debug|ARM = Debug|ARM
		Debug|iPhone = Debug|iPhone
		Debug|iPhoneSimulator = Debug|iPhoneSimulator
		Debug|x64 = Debug|x64
		Debug|x86 = Debug|x86
		Release|Any CPU = Release|Any CPU
		Release|ARM = Release|ARM
		Release|iPhone = Release|iPhone
		Release|iPhoneSimulator = Release|iPhoneSimulator
		Release|x64 = Release|x64
		Release|x86 = Release|x86
	EndGlobalSection
	GlobalSection(ProjectConfigurationPlatforms) = postSolution
		{D9720068-8075-4247-A6CF-A70433CED87B}.Debug|Any CPU.ActiveCfg = Debug|Any CPU
		{D9720068-8075-4247-A6CF-A70433CED87B}.Debug|Any CPU.Build.0 = Debug|Any CPU
		{D9720068-8075-4247-A6CF-A70433CED87B}.Debug|ARM.ActiveCfg = Debug|Any CPU
		{D9720068-8075-4247-A6CF-A70433CED87B}.Debug|ARM.Build.0 = Debug|Any CPU
		{D9720068-8075-4247-A6CF-A70433CED87B}.Debug|iPhone.ActiveCfg = Debug|Any CPU
		{D9720068-8075-4247-A6CF-A70433CED87B}.Debug|iPhone.Build.0 = Debug|Any CPU
		{D9720068-8075-4247-A6CF-A70433CED87B}.Debug|iPhoneSimulator.ActiveCfg = Debug|Any CPU
		{D9720068-8075-4247-A6CF-A70433CED87B}.Debug|iPhoneSimulator.Build.0 = Debug|Any CPU
		{D9720068-8075-4247-A6CF-A70433CED87B}.Debug|x64.ActiveCfg = Debug|Any CPU
		{D9720068-8075-4247-A6CF-A70433CED87B}.Debug|x64.Build.0 = Debug|Any CPU
		{D9720068-8075-4247-A6CF-A70433CED87B}.Debug|x86.ActiveCfg = Debug|Any CPU
		{D9720068-8075-4247-A6CF-A70433CED87B}.Debug|x86.Build.0 = Debug|Any CPU
		{D9720068-8075-4247-A6CF-A70433CED87B}.Release|Any CPU.ActiveCfg = Release|Any CPU
		{D9720068-8075-4247-A6CF-A70433CED87B}.Release|Any CPU.Build.0 = Release|Any CPU
		{D9720068-8075-4247-A6CF-A70433CED87B}.Release|ARM.ActiveCfg = Release|Any CPU
		{D9720068-8075-4247-A6CF-A70433CED87B}.Release|ARM.Build.0 = Release|Any CPU
		{D9720068-8075-4247-A6CF-A70433CED87B}.Release|iPhone.ActiveCfg = Release|Any CPU
		{D9720068-8075-4247-A6CF-A70433CED87B}.Release|iPhone.Build.0 = Release|Any CPU
		{D9720068-8075-4247-A6CF-A70433CED87B}.Release|iPhoneSimulator.ActiveCfg = Release|Any CPU
		{D9720068-8075-4247-A6CF-A70433CED87B}.Release|iPhoneSimulator.Build.0 = Release|Any CPU
		{D9720068-8075-4247-A6CF-A70433CED87B}.Release|x64.ActiveCfg = Release|Any CPU
		{D9720068-8075-4247-A6CF-A70433CED87B}.Release|x64.Build.0 = Release|Any CPU
		{D9720068-8075-4247-A6CF-A70433CED87B}.Release|x86.ActiveCfg = Release|Any CPU
		{D9720068-8075-4247-A6CF-A70433CED87B}.Release|x86.Build.0 = Release|Any CPU
		{60AF9CF9-7DC8-46B9-ADE2-2CC225E9D289}.Debug|Any CPU.ActiveCfg = Debug|x86
		{60AF9CF9-7DC8-46B9-ADE2-2CC225E9D289}.Debug|ARM.ActiveCfg = Debug|ARM
		{60AF9CF9-7DC8-46B9-ADE2-2CC225E9D289}.Debug|ARM.Build.0 = Debug|ARM
		{60AF9CF9-7DC8-46B9-ADE2-2CC225E9D289}.Debug|ARM.Deploy.0 = Debug|ARM
		{60AF9CF9-7DC8-46B9-ADE2-2CC225E9D289}.Debug|iPhone.ActiveCfg = Debug|x86
		{60AF9CF9-7DC8-46B9-ADE2-2CC225E9D289}.Debug|iPhoneSimulator.ActiveCfg = Debug|x86
		{60AF9CF9-7DC8-46B9-ADE2-2CC225E9D289}.Debug|x64.ActiveCfg = Debug|x64
		{60AF9CF9-7DC8-46B9-ADE2-2CC225E9D289}.Debug|x64.Build.0 = Debug|x64
		{60AF9CF9-7DC8-46B9-ADE2-2CC225E9D289}.Debug|x64.Deploy.0 = Debug|x64
		{60AF9CF9-7DC8-46B9-ADE2-2CC225E9D289}.Debug|x86.ActiveCfg = Debug|x86
		{60AF9CF9-7DC8-46B9-ADE2-2CC225E9D289}.Debug|x86.Build.0 = Debug|x86
		{60AF9CF9-7DC8-46B9-ADE2-2CC225E9D289}.Debug|x86.Deploy.0 = Debug|x86
		{60AF9CF9-7DC8-46B9-ADE2-2CC225E9D289}.Release|Any CPU.ActiveCfg = Release|x86
		{60AF9CF9-7DC8-46B9-ADE2-2CC225E9D289}.Release|ARM.ActiveCfg = Release|ARM
		{60AF9CF9-7DC8-46B9-ADE2-2CC225E9D289}.Release|ARM.Build.0 = Release|ARM
		{60AF9CF9-7DC8-46B9-ADE2-2CC225E9D289}.Release|ARM.Deploy.0 = Release|ARM
		{60AF9CF9-7DC8-46B9-ADE2-2CC225E9D289}.Release|iPhone.ActiveCfg = Release|x86
		{60AF9CF9-7DC8-46B9-ADE2-2CC225E9D289}.Release|iPhoneSimulator.ActiveCfg = Release|x86
		{60AF9CF9-7DC8-46B9-ADE2-2CC225E9D289}.Release|x64.ActiveCfg = Release|x64
		{60AF9CF9-7DC8-46B9-ADE2-2CC225E9D289}.Release|x64.Build.0 = Release|x64
		{60AF9CF9-7DC8-46B9-ADE2-2CC225E9D289}.Release|x64.Deploy.0 = Release|x64
		{60AF9CF9-7DC8-46B9-ADE2-2CC225E9D289}.Release|x86.ActiveCfg = Release|x86
		{60AF9CF9-7DC8-46B9-ADE2-2CC225E9D289}.Release|x86.Build.0 = Release|x86
		{60AF9CF9-7DC8-46B9-ADE2-2CC225E9D289}.Release|x86.Deploy.0 = Release|x86
		{BA7D2385-806B-4529-BC25-576A2FB2D3F6}.Debug|Any CPU.ActiveCfg = Debug|Any CPU
		{BA7D2385-806B-4529-BC25-576A2FB2D3F6}.Debug|Any CPU.Build.0 = Debug|Any CPU
		{BA7D2385-806B-4529-BC25-576A2FB2D3F6}.Debug|Any CPU.Deploy.0 = Debug|Any CPU
		{BA7D2385-806B-4529-BC25-576A2FB2D3F6}.Debug|ARM.ActiveCfg = Debug|Any CPU
		{BA7D2385-806B-4529-BC25-576A2FB2D3F6}.Debug|ARM.Build.0 = Debug|Any CPU
		{BA7D2385-806B-4529-BC25-576A2FB2D3F6}.Debug|ARM.Deploy.0 = Debug|Any CPU
		{BA7D2385-806B-4529-BC25-576A2FB2D3F6}.Debug|iPhone.ActiveCfg = Debug|Any CPU
		{BA7D2385-806B-4529-BC25-576A2FB2D3F6}.Debug|iPhone.Build.0 = Debug|Any CPU
		{BA7D2385-806B-4529-BC25-576A2FB2D3F6}.Debug|iPhone.Deploy.0 = Debug|Any CPU
		{BA7D2385-806B-4529-BC25-576A2FB2D3F6}.Debug|iPhoneSimulator.ActiveCfg = Debug|Any CPU
		{BA7D2385-806B-4529-BC25-576A2FB2D3F6}.Debug|iPhoneSimulator.Build.0 = Debug|Any CPU
		{BA7D2385-806B-4529-BC25-576A2FB2D3F6}.Debug|iPhoneSimulator.Deploy.0 = Debug|Any CPU
		{BA7D2385-806B-4529-BC25-576A2FB2D3F6}.Debug|x64.ActiveCfg = Debug|Any CPU
		{BA7D2385-806B-4529-BC25-576A2FB2D3F6}.Debug|x64.Build.0 = Debug|Any CPU
		{BA7D2385-806B-4529-BC25-576A2FB2D3F6}.Debug|x64.Deploy.0 = Debug|Any CPU
		{BA7D2385-806B-4529-BC25-576A2FB2D3F6}.Debug|x86.ActiveCfg = Debug|Any CPU
		{BA7D2385-806B-4529-BC25-576A2FB2D3F6}.Debug|x86.Build.0 = Debug|Any CPU
		{BA7D2385-806B-4529-BC25-576A2FB2D3F6}.Debug|x86.Deploy.0 = Debug|Any CPU
		{BA7D2385-806B-4529-BC25-576A2FB2D3F6}.Release|Any CPU.ActiveCfg = Release|Any CPU
		{BA7D2385-806B-4529-BC25-576A2FB2D3F6}.Release|Any CPU.Build.0 = Release|Any CPU
		{BA7D2385-806B-4529-BC25-576A2FB2D3F6}.Release|Any CPU.Deploy.0 = Release|Any CPU
		{BA7D2385-806B-4529-BC25-576A2FB2D3F6}.Release|ARM.ActiveCfg = Release|Any CPU
		{BA7D2385-806B-4529-BC25-576A2FB2D3F6}.Release|ARM.Build.0 = Release|Any CPU
		{BA7D2385-806B-4529-BC25-576A2FB2D3F6}.Release|ARM.Deploy.0 = Release|Any CPU
		{BA7D2385-806B-4529-BC25-576A2FB2D3F6}.Release|iPhone.ActiveCfg = Release|Any CPU
		{BA7D2385-806B-4529-BC25-576A2FB2D3F6}.Release|iPhone.Build.0 = Release|Any CPU
		{BA7D2385-806B-4529-BC25-576A2FB2D3F6}.Release|iPhone.Deploy.0 = Release|Any CPU
		{BA7D2385-806B-4529-BC25-576A2FB2D3F6}.Release|iPhoneSimulator.ActiveCfg = Release|Any CPU
		{BA7D2385-806B-4529-BC25-576A2FB2D3F6}.Release|iPhoneSimulator.Build.0 = Release|Any CPU
		{BA7D2385-806B-4529-BC25-576A2FB2D3F6}.Release|iPhoneSimulator.Deploy.0 = Release|Any CPU
		{BA7D2385-806B-4529-BC25-576A2FB2D3F6}.Release|x64.ActiveCfg = Release|Any CPU
		{BA7D2385-806B-4529-BC25-576A2FB2D3F6}.Release|x64.Build.0 = Release|Any CPU
		{BA7D2385-806B-4529-BC25-576A2FB2D3F6}.Release|x64.Deploy.0 = Release|Any CPU
		{BA7D2385-806B-4529-BC25-576A2FB2D3F6}.Release|x86.ActiveCfg = Release|Any CPU
		{BA7D2385-806B-4529-BC25-576A2FB2D3F6}.Release|x86.Build.0 = Release|Any CPU
		{BA7D2385-806B-4529-BC25-576A2FB2D3F6}.Release|x86.Deploy.0 = Release|Any CPU
		{42C04AC7-FBCC-44E0-A439-6D80180AC7D3}.Debug|Any CPU.ActiveCfg = Debug|iPhone
		{42C04AC7-FBCC-44E0-A439-6D80180AC7D3}.Debug|ARM.ActiveCfg = Debug|iPhone
		{42C04AC7-FBCC-44E0-A439-6D80180AC7D3}.Debug|iPhone.ActiveCfg = Debug|iPhone
		{42C04AC7-FBCC-44E0-A439-6D80180AC7D3}.Debug|iPhone.Build.0 = Debug|iPhone
		{42C04AC7-FBCC-44E0-A439-6D80180AC7D3}.Debug|iPhoneSimulator.ActiveCfg = Debug|iPhoneSimulator
		{42C04AC7-FBCC-44E0-A439-6D80180AC7D3}.Debug|iPhoneSimulator.Build.0 = Debug|iPhoneSimulator
		{42C04AC7-FBCC-44E0-A439-6D80180AC7D3}.Debug|x64.ActiveCfg = Debug|iPhone
		{42C04AC7-FBCC-44E0-A439-6D80180AC7D3}.Debug|x86.ActiveCfg = Debug|iPhone
		{42C04AC7-FBCC-44E0-A439-6D80180AC7D3}.Release|Any CPU.ActiveCfg = Release|iPhone
		{42C04AC7-FBCC-44E0-A439-6D80180AC7D3}.Release|ARM.ActiveCfg = Release|iPhone
		{42C04AC7-FBCC-44E0-A439-6D80180AC7D3}.Release|iPhone.ActiveCfg = Release|iPhone
		{42C04AC7-FBCC-44E0-A439-6D80180AC7D3}.Release|iPhone.Build.0 = Release|iPhone
		{42C04AC7-FBCC-44E0-A439-6D80180AC7D3}.Release|iPhoneSimulator.ActiveCfg = Release|iPhoneSimulator
		{42C04AC7-FBCC-44E0-A439-6D80180AC7D3}.Release|iPhoneSimulator.Build.0 = Release|iPhoneSimulator
		{42C04AC7-FBCC-44E0-A439-6D80180AC7D3}.Release|x64.ActiveCfg = Release|iPhone
		{42C04AC7-FBCC-44E0-A439-6D80180AC7D3}.Release|x86.ActiveCfg = Release|iPhone
		{3CCFD2A7-411D-4B06-88B2-C32C954C772A}.Debug|Any CPU.ActiveCfg = Debug|Any CPU
		{3CCFD2A7-411D-4B06-88B2-C32C954C772A}.Debug|Any CPU.Build.0 = Debug|Any CPU
		{3CCFD2A7-411D-4B06-88B2-C32C954C772A}.Debug|ARM.ActiveCfg = Debug|Any CPU
		{3CCFD2A7-411D-4B06-88B2-C32C954C772A}.Debug|ARM.Build.0 = Debug|Any CPU
		{3CCFD2A7-411D-4B06-88B2-C32C954C772A}.Debug|iPhone.ActiveCfg = Debug|Any CPU
		{3CCFD2A7-411D-4B06-88B2-C32C954C772A}.Debug|iPhone.Build.0 = Debug|Any CPU
		{3CCFD2A7-411D-4B06-88B2-C32C954C772A}.Debug|iPhoneSimulator.ActiveCfg = Debug|Any CPU
		{3CCFD2A7-411D-4B06-88B2-C32C954C772A}.Debug|iPhoneSimulator.Build.0 = Debug|Any CPU
		{3CCFD2A7-411D-4B06-88B2-C32C954C772A}.Debug|x64.ActiveCfg = Debug|Any CPU
		{3CCFD2A7-411D-4B06-88B2-C32C954C772A}.Debug|x64.Build.0 = Debug|Any CPU
		{3CCFD2A7-411D-4B06-88B2-C32C954C772A}.Debug|x86.ActiveCfg = Debug|Any CPU
		{3CCFD2A7-411D-4B06-88B2-C32C954C772A}.Debug|x86.Build.0 = Debug|Any CPU
		{3CCFD2A7-411D-4B06-88B2-C32C954C772A}.Release|Any CPU.ActiveCfg = Release|Any CPU
		{3CCFD2A7-411D-4B06-88B2-C32C954C772A}.Release|Any CPU.Build.0 = Release|Any CPU
		{3CCFD2A7-411D-4B06-88B2-C32C954C772A}.Release|ARM.ActiveCfg = Release|Any CPU
		{3CCFD2A7-411D-4B06-88B2-C32C954C772A}.Release|ARM.Build.0 = Release|Any CPU
		{3CCFD2A7-411D-4B06-88B2-C32C954C772A}.Release|iPhone.ActiveCfg = Release|Any CPU
		{3CCFD2A7-411D-4B06-88B2-C32C954C772A}.Release|iPhone.Build.0 = Release|Any CPU
		{3CCFD2A7-411D-4B06-88B2-C32C954C772A}.Release|iPhoneSimulator.ActiveCfg = Release|Any CPU
		{3CCFD2A7-411D-4B06-88B2-C32C954C772A}.Release|iPhoneSimulator.Build.0 = Release|Any CPU
		{3CCFD2A7-411D-4B06-88B2-C32C954C772A}.Release|x64.ActiveCfg = Release|Any CPU
		{3CCFD2A7-411D-4B06-88B2-C32C954C772A}.Release|x64.Build.0 = Release|Any CPU
		{3CCFD2A7-411D-4B06-88B2-C32C954C772A}.Release|x86.ActiveCfg = Release|Any CPU
		{3CCFD2A7-411D-4B06-88B2-C32C954C772A}.Release|x86.Build.0 = Release|Any CPU
		{1167F195-1F1D-4C47-AE22-14AF40501857}.Debug|Any CPU.ActiveCfg = Debug|Any CPU
		{1167F195-1F1D-4C47-AE22-14AF40501857}.Debug|Any CPU.Build.0 = Debug|Any CPU
		{1167F195-1F1D-4C47-AE22-14AF40501857}.Debug|ARM.ActiveCfg = Debug|Any CPU
		{1167F195-1F1D-4C47-AE22-14AF40501857}.Debug|ARM.Build.0 = Debug|Any CPU
		{1167F195-1F1D-4C47-AE22-14AF40501857}.Debug|iPhone.ActiveCfg = Debug|Any CPU
		{1167F195-1F1D-4C47-AE22-14AF40501857}.Debug|iPhone.Build.0 = Debug|Any CPU
		{1167F195-1F1D-4C47-AE22-14AF40501857}.Debug|iPhoneSimulator.ActiveCfg = Debug|Any CPU
		{1167F195-1F1D-4C47-AE22-14AF40501857}.Debug|iPhoneSimulator.Build.0 = Debug|Any CPU
		{1167F195-1F1D-4C47-AE22-14AF40501857}.Debug|x64.ActiveCfg = Debug|Any CPU
		{1167F195-1F1D-4C47-AE22-14AF40501857}.Debug|x64.Build.0 = Debug|Any CPU
		{1167F195-1F1D-4C47-AE22-14AF40501857}.Debug|x86.ActiveCfg = Debug|Any CPU
		{1167F195-1F1D-4C47-AE22-14AF40501857}.Debug|x86.Build.0 = Debug|Any CPU
		{1167F195-1F1D-4C47-AE22-14AF40501857}.Release|Any CPU.ActiveCfg = Release|Any CPU
		{1167F195-1F1D-4C47-AE22-14AF40501857}.Release|Any CPU.Build.0 = Release|Any CPU
		{1167F195-1F1D-4C47-AE22-14AF40501857}.Release|ARM.ActiveCfg = Release|Any CPU
		{1167F195-1F1D-4C47-AE22-14AF40501857}.Release|ARM.Build.0 = Release|Any CPU
		{1167F195-1F1D-4C47-AE22-14AF40501857}.Release|iPhone.ActiveCfg = Release|Any CPU
		{1167F195-1F1D-4C47-AE22-14AF40501857}.Release|iPhone.Build.0 = Release|Any CPU
		{1167F195-1F1D-4C47-AE22-14AF40501857}.Release|iPhoneSimulator.ActiveCfg = Release|Any CPU
		{1167F195-1F1D-4C47-AE22-14AF40501857}.Release|iPhoneSimulator.Build.0 = Release|Any CPU
		{1167F195-1F1D-4C47-AE22-14AF40501857}.Release|x64.ActiveCfg = Release|Any CPU
		{1167F195-1F1D-4C47-AE22-14AF40501857}.Release|x64.Build.0 = Release|Any CPU
		{1167F195-1F1D-4C47-AE22-14AF40501857}.Release|x86.ActiveCfg = Release|Any CPU
		{1167F195-1F1D-4C47-AE22-14AF40501857}.Release|x86.Build.0 = Release|Any CPU
		{0CF45B93-7365-463E-A65F-D42B930EB998}.Debug|Any CPU.ActiveCfg = Debug|Any CPU
		{0CF45B93-7365-463E-A65F-D42B930EB998}.Debug|Any CPU.Build.0 = Debug|Any CPU
		{0CF45B93-7365-463E-A65F-D42B930EB998}.Debug|ARM.ActiveCfg = Debug|Any CPU
		{0CF45B93-7365-463E-A65F-D42B930EB998}.Debug|ARM.Build.0 = Debug|Any CPU
		{0CF45B93-7365-463E-A65F-D42B930EB998}.Debug|iPhone.ActiveCfg = Debug|Any CPU
		{0CF45B93-7365-463E-A65F-D42B930EB998}.Debug|iPhone.Build.0 = Debug|Any CPU
		{0CF45B93-7365-463E-A65F-D42B930EB998}.Debug|iPhoneSimulator.ActiveCfg = Debug|Any CPU
		{0CF45B93-7365-463E-A65F-D42B930EB998}.Debug|iPhoneSimulator.Build.0 = Debug|Any CPU
		{0CF45B93-7365-463E-A65F-D42B930EB998}.Debug|x64.ActiveCfg = Debug|Any CPU
		{0CF45B93-7365-463E-A65F-D42B930EB998}.Debug|x64.Build.0 = Debug|Any CPU
		{0CF45B93-7365-463E-A65F-D42B930EB998}.Debug|x86.ActiveCfg = Debug|Any CPU
		{0CF45B93-7365-463E-A65F-D42B930EB998}.Debug|x86.Build.0 = Debug|Any CPU
		{0CF45B93-7365-463E-A65F-D42B930EB998}.Release|Any CPU.ActiveCfg = Release|Any CPU
		{0CF45B93-7365-463E-A65F-D42B930EB998}.Release|Any CPU.Build.0 = Release|Any CPU
		{0CF45B93-7365-463E-A65F-D42B930EB998}.Release|ARM.ActiveCfg = Release|Any CPU
		{0CF45B93-7365-463E-A65F-D42B930EB998}.Release|ARM.Build.0 = Release|Any CPU
		{0CF45B93-7365-463E-A65F-D42B930EB998}.Release|iPhone.ActiveCfg = Release|Any CPU
		{0CF45B93-7365-463E-A65F-D42B930EB998}.Release|iPhone.Build.0 = Release|Any CPU
		{0CF45B93-7365-463E-A65F-D42B930EB998}.Release|iPhoneSimulator.ActiveCfg = Release|Any CPU
		{0CF45B93-7365-463E-A65F-D42B930EB998}.Release|iPhoneSimulator.Build.0 = Release|Any CPU
		{0CF45B93-7365-463E-A65F-D42B930EB998}.Release|x64.ActiveCfg = Release|Any CPU
		{0CF45B93-7365-463E-A65F-D42B930EB998}.Release|x64.Build.0 = Release|Any CPU
		{0CF45B93-7365-463E-A65F-D42B930EB998}.Release|x86.ActiveCfg = Release|Any CPU
		{0CF45B93-7365-463E-A65F-D42B930EB998}.Release|x86.Build.0 = Release|Any CPU
	EndGlobalSection
	GlobalSection(SolutionProperties) = preSolution
		HideSolutionNode = FALSE
	EndGlobalSection
	GlobalSection(ExtensibilityGlobals) = postSolution
		SolutionGuid = {1B1400BC-F8BC-4D62-9303-1D6F11FC7703}
	EndGlobalSection
EndGlobal
